// !$*UTF8*$!
{
	archiveVersion = 1;
	classes = {
	};
	objectVersion = 50;
	objects = {

/* Begin PBXBuildFile section */
		091551E021D5B97E000FDBFC /* VerifiedUploadCell.m in Sources */ = {isa = PBXBuildFile; fileRef = 091551DF21D5B97E000FDBFC /* VerifiedUploadCell.m */; };
		091551E421D5C077000FDBFC /* SHImagePicker.m in Sources */ = {isa = PBXBuildFile; fileRef = 091551E221D5C077000FDBFC /* SHImagePicker.m */; };
		091551E821D5C2E1000FDBFC /* SHAlertController.m in Sources */ = {isa = PBXBuildFile; fileRef = 091551E721D5C2E1000FDBFC /* SHAlertController.m */; };
		091551FA21D5D0C2000FDBFC /* TradingStatusView.xib in Resources */ = {isa = PBXBuildFile; fileRef = 091551EC21D5D0C2000FDBFC /* TradingStatusView.xib */; };
		091551FB21D5D0C2000FDBFC /* TradingStatusView.m in Sources */ = {isa = PBXBuildFile; fileRef = 091551ED21D5D0C2000FDBFC /* TradingStatusView.m */; };
		091551FC21D5D0C2000FDBFC /* HeaderView.m in Sources */ = {isa = PBXBuildFile; fileRef = 091551EF21D5D0C2000FDBFC /* HeaderView.m */; };
		091551FD21D5D0C2000FDBFC /* HeaderView.xib in Resources */ = {isa = PBXBuildFile; fileRef = 091551F021D5D0C2000FDBFC /* HeaderView.xib */; };
		091551FE21D5D0C2000FDBFC /* MyBillView.m in Sources */ = {isa = PBXBuildFile; fileRef = 091551F321D5D0C2000FDBFC /* MyBillView.m */; };
		091551FF21D5D0C2000FDBFC /* MyBillView.xib in Resources */ = {isa = PBXBuildFile; fileRef = 091551F421D5D0C2000FDBFC /* MyBillView.xib */; };
		0915520021D5D0C2000FDBFC /* SellerInfomationView.m in Sources */ = {isa = PBXBuildFile; fileRef = 091551F721D5D0C2000FDBFC /* SellerInfomationView.m */; };
		0915520121D5D0C2000FDBFC /* SellerInfomationView.xib in Resources */ = {isa = PBXBuildFile; fileRef = 091551F921D5D0C2000FDBFC /* SellerInfomationView.xib */; };
		0915520521D5D0F1000FDBFC /* BillDetailsView.m in Sources */ = {isa = PBXBuildFile; fileRef = 0915520421D5D0F1000FDBFC /* BillDetailsView.m */; };
		0915520721D5D0FA000FDBFC /* BillDetailsView.xib in Resources */ = {isa = PBXBuildFile; fileRef = 0915520621D5D0FA000FDBFC /* BillDetailsView.xib */; };
		0915521C21D5D507000FDBFC /* HTTPResponse.m in Sources */ = {isa = PBXBuildFile; fileRef = 0915521621D5D507000FDBFC /* HTTPResponse.m */; };
		0915521D21D5D507000FDBFC /* HTTPManager.m in Sources */ = {isa = PBXBuildFile; fileRef = 0915521921D5D507000FDBFC /* HTTPManager.m */; };
		0915521E21D5D507000FDBFC /* YQBaseRequest.m in Sources */ = {isa = PBXBuildFile; fileRef = 0915521B21D5D507000FDBFC /* YQBaseRequest.m */; };
		0915523C21D5D6EA000FDBFC /* UIColor+Help.m in Sources */ = {isa = PBXBuildFile; fileRef = 0915522121D5D6E9000FDBFC /* UIColor+Help.m */; };
		0915523D21D5D6EA000FDBFC /* UIImage+Help.m in Sources */ = {isa = PBXBuildFile; fileRef = 0915522221D5D6E9000FDBFC /* UIImage+Help.m */; };
		0915523E21D5D6EA000FDBFC /* UITextField+Help.m in Sources */ = {isa = PBXBuildFile; fileRef = 0915522321D5D6E9000FDBFC /* UITextField+Help.m */; };
		0915523F21D5D6EA000FDBFC /* NSArray+Help.m in Sources */ = {isa = PBXBuildFile; fileRef = 0915522521D5D6E9000FDBFC /* NSArray+Help.m */; };
		0915524021D5D6EA000FDBFC /* UIPickerView+Help.m in Sources */ = {isa = PBXBuildFile; fileRef = 0915522621D5D6E9000FDBFC /* UIPickerView+Help.m */; };
		0915524121D5D6EA000FDBFC /* UIViewController+Help.m in Sources */ = {isa = PBXBuildFile; fileRef = 0915522721D5D6E9000FDBFC /* UIViewController+Help.m */; };
		0915524221D5D6EA000FDBFC /* UIView+Help.m in Sources */ = {isa = PBXBuildFile; fileRef = 0915522C21D5D6E9000FDBFC /* UIView+Help.m */; };
		0915524321D5D6EA000FDBFC /* UIImage+GenerateQRCode.m in Sources */ = {isa = PBXBuildFile; fileRef = 0915523021D5D6E9000FDBFC /* UIImage+GenerateQRCode.m */; };
		0915524421D5D6EA000FDBFC /* UINavigationController+help.m in Sources */ = {isa = PBXBuildFile; fileRef = 0915523121D5D6E9000FDBFC /* UINavigationController+help.m */; };
		0915524521D5D6EA000FDBFC /* NSString+Help.m in Sources */ = {isa = PBXBuildFile; fileRef = 0915523221D5D6E9000FDBFC /* NSString+Help.m */; };
		0915524621D5D6EA000FDBFC /* HUD.m in Sources */ = {isa = PBXBuildFile; fileRef = 0915523721D5D6E9000FDBFC /* HUD.m */; };
		0915524721D5D6EA000FDBFC /* HUDOperationManager.m in Sources */ = {isa = PBXBuildFile; fileRef = 0915523821D5D6E9000FDBFC /* HUDOperationManager.m */; };
		0915524821D5D6EA000FDBFC /* PooCodeView.m in Sources */ = {isa = PBXBuildFile; fileRef = 0915523A21D5D6EA000FDBFC /* PooCodeView.m */; };
		0915524C21D5D740000FDBFC /* SHOperation.m in Sources */ = {isa = PBXBuildFile; fileRef = 0915524A21D5D740000FDBFC /* SHOperation.m */; };
		0915524F21D5F46B000FDBFC /* BillDetailVC.m in Sources */ = {isa = PBXBuildFile; fileRef = 0915524E21D5F46B000FDBFC /* BillDetailVC.m */; };
		0915525221D5F499000FDBFC /* BillDetailCell.m in Sources */ = {isa = PBXBuildFile; fileRef = 0915525121D5F499000FDBFC /* BillDetailCell.m */; };
		0915525521D5F4B3000FDBFC /* BillPhotoCell.m in Sources */ = {isa = PBXBuildFile; fileRef = 0915525421D5F4B3000FDBFC /* BillPhotoCell.m */; };
		0915525921D60841000FDBFC /* TransactionApplicationVC.m in Sources */ = {isa = PBXBuildFile; fileRef = 0915525821D60841000FDBFC /* TransactionApplicationVC.m */; };
		0915525D21D60EBD000FDBFC /* TradingHeaderView.m in Sources */ = {isa = PBXBuildFile; fileRef = 0915525C21D60EBD000FDBFC /* TradingHeaderView.m */; };
		0915525F21D60ECC000FDBFC /* TradingHeaderView.xib in Resources */ = {isa = PBXBuildFile; fileRef = 0915525E21D60ECC000FDBFC /* TradingHeaderView.xib */; };
		0915526221D611BF000FDBFC /* PaymentAccountView.xib in Resources */ = {isa = PBXBuildFile; fileRef = 0915526121D611BF000FDBFC /* PaymentAccountView.xib */; };
		0915526521D611CA000FDBFC /* PaymentAccountView.m in Sources */ = {isa = PBXBuildFile; fileRef = 0915526421D611CA000FDBFC /* PaymentAccountView.m */; };
		0915526921D6131D000FDBFC /* TradingInformationView.m in Sources */ = {isa = PBXBuildFile; fileRef = 0915526821D6131D000FDBFC /* TradingInformationView.m */; };
		0915526B21D61324000FDBFC /* TradingInformationView.xib in Resources */ = {isa = PBXBuildFile; fileRef = 0915526A21D61324000FDBFC /* TradingInformationView.xib */; };
		091986F721D45CAD00C7C5A5 /* YQBaseView.m in Sources */ = {isa = PBXBuildFile; fileRef = 091986F621D45CAD00C7C5A5 /* YQBaseView.m */; };
		0919870121D4644100C7C5A5 /* HomeTitleCell.m in Sources */ = {isa = PBXBuildFile; fileRef = 0919870021D4644100C7C5A5 /* HomeTitleCell.m */; };
		0919870521D46E0100C7C5A5 /* SingContractVC.m in Sources */ = {isa = PBXBuildFile; fileRef = 0919870421D46E0100C7C5A5 /* SingContractVC.m */; };
		0919870D21D477CD00C7C5A5 /* MyBillCell.m in Sources */ = {isa = PBXBuildFile; fileRef = 0919870C21D477CD00C7C5A5 /* MyBillCell.m */; };
		0919871721D48A4A00C7C5A5 /* SellerInfomationCell.m in Sources */ = {isa = PBXBuildFile; fileRef = 0919871621D48A4A00C7C5A5 /* SellerInfomationCell.m */; };
		0919871A21D48C6500C7C5A5 /* SingContractCell.m in Sources */ = {isa = PBXBuildFile; fileRef = 0919871921D48C6500C7C5A5 /* SingContractCell.m */; };
		0919872621D4B08800C7C5A5 /* RegisterVC.m in Sources */ = {isa = PBXBuildFile; fileRef = 0919872521D4B08800C7C5A5 /* RegisterVC.m */; };
		0919874B21D4B3B000C7C5A5 /* ForgetPasswordVC.m in Sources */ = {isa = PBXBuildFile; fileRef = 0919874A21D4B3B000C7C5A5 /* ForgetPasswordVC.m */; };
		0919878021D4CB5100C7C5A5 /* VerifiedVC.m in Sources */ = {isa = PBXBuildFile; fileRef = 0919877F21D4CB5100C7C5A5 /* VerifiedVC.m */; };
		0919878321D4CCD100C7C5A5 /* VerifiedCell.m in Sources */ = {isa = PBXBuildFile; fileRef = 0919878221D4CCD100C7C5A5 /* VerifiedCell.m */; };
		0923BB3421D346B8007A294B /* AppDelegate.m in Sources */ = {isa = PBXBuildFile; fileRef = 0923BB3321D346B8007A294B /* AppDelegate.m */; };
		0923BB3721D346B8007A294B /* ViewController.m in Sources */ = {isa = PBXBuildFile; fileRef = 0923BB3621D346B8007A294B /* ViewController.m */; };
		0923BB3A21D346B8007A294B /* Main.storyboard in Resources */ = {isa = PBXBuildFile; fileRef = 0923BB3821D346B8007A294B /* Main.storyboard */; };
		0923BB3C21D346B9007A294B /* Assets.xcassets in Resources */ = {isa = PBXBuildFile; fileRef = 0923BB3B21D346B9007A294B /* Assets.xcassets */; };
		0923BB3F21D346B9007A294B /* LaunchScreen.storyboard in Resources */ = {isa = PBXBuildFile; fileRef = 0923BB3D21D346B9007A294B /* LaunchScreen.storyboard */; };
		0923BB4221D346B9007A294B /* main.m in Sources */ = {isa = PBXBuildFile; fileRef = 0923BB4121D346B9007A294B /* main.m */; };
		0923BB4C21D346B9007A294B /* YQTestTests.m in Sources */ = {isa = PBXBuildFile; fileRef = 0923BB4B21D346B9007A294B /* YQTestTests.m */; };
		0923BB5721D346B9007A294B /* YQTestUITests.m in Sources */ = {isa = PBXBuildFile; fileRef = 0923BB5621D346B9007A294B /* YQTestUITests.m */; };
		097A4A6E21D3687B00EF8053 /* YQBaseViewModel.m in Sources */ = {isa = PBXBuildFile; fileRef = 097A4A6D21D3687B00EF8053 /* YQBaseViewModel.m */; };
		0981E2AC21D3508000C2D119 /* YQTabBarController.m in Sources */ = {isa = PBXBuildFile; fileRef = 0981E2AB21D3508000C2D119 /* YQTabBarController.m */; };
		0981E2B421D3535100C2D119 /* Home.storyboard in Resources */ = {isa = PBXBuildFile; fileRef = 0981E2B321D3535100C2D119 /* Home.storyboard */; };
		0981E2B721D3537E00C2D119 /* Transaction.storyboard in Resources */ = {isa = PBXBuildFile; fileRef = 0981E2B621D3537E00C2D119 /* Transaction.storyboard */; };
		0981E2BB21D3539300C2D119 /* Mine.storyboard in Resources */ = {isa = PBXBuildFile; fileRef = 0981E2BA21D3539300C2D119 /* Mine.storyboard */; };
		0981E2BF21D353AD00C2D119 /* Release.storyboard in Resources */ = {isa = PBXBuildFile; fileRef = 0981E2BE21D353AD00C2D119 /* Release.storyboard */; };
		0981E2C321D354A300C2D119 /* YQTabBar.storyboard in Resources */ = {isa = PBXBuildFile; fileRef = 0981E2C221D354A300C2D119 /* YQTabBar.storyboard */; };
		0981E2C621D3550700C2D119 /* Login.storyboard in Resources */ = {isa = PBXBuildFile; fileRef = 0981E2C521D3550700C2D119 /* Login.storyboard */; };
		0981E2CA21D356D900C2D119 /* YQBaseViewController.m in Sources */ = {isa = PBXBuildFile; fileRef = 0981E2C921D356D900C2D119 /* YQBaseViewController.m */; };
		0981E2CD21D3573600C2D119 /* LoginVC.m in Sources */ = {isa = PBXBuildFile; fileRef = 0981E2CC21D3573600C2D119 /* LoginVC.m */; };
		0981E2D021D3574400C2D119 /* TransactionVC.m in Sources */ = {isa = PBXBuildFile; fileRef = 0981E2CF21D3574400C2D119 /* TransactionVC.m */; };
		0981E2D621D3577600C2D119 /* MineVC.m in Sources */ = {isa = PBXBuildFile; fileRef = 0981E2D521D3577600C2D119 /* MineVC.m */; };
		0981E2D921D3578200C2D119 /* ReleaseVC.m in Sources */ = {isa = PBXBuildFile; fileRef = 0981E2D821D3578200C2D119 /* ReleaseVC.m */; };
		0981E2DC21D35B6300C2D119 /* YQBaseTableViewController.m in Sources */ = {isa = PBXBuildFile; fileRef = 0981E2DB21D35B6300C2D119 /* YQBaseTableViewController.m */; };
		0981E2E021D361F700C2D119 /* YQBaseModel.m in Sources */ = {isa = PBXBuildFile; fileRef = 0981E2DF21D361F700C2D119 /* YQBaseModel.m */; };
		0981E2E321D3620200C2D119 /* AccountModel.m in Sources */ = {isa = PBXBuildFile; fileRef = 0981E2E221D3620200C2D119 /* AccountModel.m */; };
		0981E2E721D362F100C2D119 /* HomeVC.m in Sources */ = {isa = PBXBuildFile; fileRef = 0981E2E521D362F000C2D119 /* HomeVC.m */; };
		0981E2EA21D3630B00C2D119 /* YQBaseTableViewCell.m in Sources */ = {isa = PBXBuildFile; fileRef = 0981E2E921D3630B00C2D119 /* YQBaseTableViewCell.m */; };
		0981E2ED21D3633D00C2D119 /* HomeCell.m in Sources */ = {isa = PBXBuildFile; fileRef = 0981E2EC21D3633D00C2D119 /* HomeCell.m */; };
		27D11129B95D16B2DD0C6364 /* libPods-YQTest.a in Frameworks */ = {isa = PBXBuildFile; fileRef = 2349CE0F6B23C63FCA943C20 /* libPods-YQTest.a */; };
/* End PBXBuildFile section */

/* Begin PBXContainerItemProxy section */
		0923BB4821D346B9007A294B /* PBXContainerItemProxy */ = {
			isa = PBXContainerItemProxy;
			containerPortal = 0923BB2721D346B8007A294B /* Project object */;
			proxyType = 1;
			remoteGlobalIDString = 0923BB2E21D346B8007A294B;
			remoteInfo = YQTest;
		};
		0923BB5321D346B9007A294B /* PBXContainerItemProxy */ = {
			isa = PBXContainerItemProxy;
			containerPortal = 0923BB2721D346B8007A294B /* Project object */;
			proxyType = 1;
			remoteGlobalIDString = 0923BB2E21D346B8007A294B;
			remoteInfo = YQTest;
		};
/* End PBXContainerItemProxy section */

/* Begin PBXFileReference section */
		091551DE21D5B97E000FDBFC /* VerifiedUploadCell.h */ = {isa = PBXFileReference; lastKnownFileType = sourcecode.c.h; path = VerifiedUploadCell.h; sourceTree = "<group>"; };
		091551DF21D5B97E000FDBFC /* VerifiedUploadCell.m */ = {isa = PBXFileReference; lastKnownFileType = sourcecode.c.objc; path = VerifiedUploadCell.m; sourceTree = "<group>"; };
		091551E221D5C077000FDBFC /* SHImagePicker.m */ = {isa = PBXFileReference; fileEncoding = 4; lastKnownFileType = sourcecode.c.objc; path = SHImagePicker.m; sourceTree = "<group>"; };
		091551E321D5C077000FDBFC /* SHImagePicker.h */ = {isa = PBXFileReference; fileEncoding = 4; lastKnownFileType = sourcecode.c.h; path = SHImagePicker.h; sourceTree = "<group>"; };
		091551E621D5C2E1000FDBFC /* SHAlertController.h */ = {isa = PBXFileReference; fileEncoding = 4; lastKnownFileType = sourcecode.c.h; path = SHAlertController.h; sourceTree = "<group>"; };
		091551E721D5C2E1000FDBFC /* SHAlertController.m */ = {isa = PBXFileReference; fileEncoding = 4; lastKnownFileType = sourcecode.c.objc; path = SHAlertController.m; sourceTree = "<group>"; };
		091551EB21D5D0C2000FDBFC /* TradingStatusView.h */ = {isa = PBXFileReference; fileEncoding = 4; lastKnownFileType = sourcecode.c.h; path = TradingStatusView.h; sourceTree = "<group>"; };
		091551EC21D5D0C2000FDBFC /* TradingStatusView.xib */ = {isa = PBXFileReference; fileEncoding = 4; lastKnownFileType = file.xib; path = TradingStatusView.xib; sourceTree = "<group>"; };
		091551ED21D5D0C2000FDBFC /* TradingStatusView.m */ = {isa = PBXFileReference; fileEncoding = 4; lastKnownFileType = sourcecode.c.objc; path = TradingStatusView.m; sourceTree = "<group>"; };
		091551EF21D5D0C2000FDBFC /* HeaderView.m */ = {isa = PBXFileReference; fileEncoding = 4; lastKnownFileType = sourcecode.c.objc; path = HeaderView.m; sourceTree = "<group>"; };
		091551F021D5D0C2000FDBFC /* HeaderView.xib */ = {isa = PBXFileReference; fileEncoding = 4; lastKnownFileType = file.xib; path = HeaderView.xib; sourceTree = "<group>"; };
		091551F121D5D0C2000FDBFC /* HeaderView.h */ = {isa = PBXFileReference; fileEncoding = 4; lastKnownFileType = sourcecode.c.h; path = HeaderView.h; sourceTree = "<group>"; };
		091551F321D5D0C2000FDBFC /* MyBillView.m */ = {isa = PBXFileReference; fileEncoding = 4; lastKnownFileType = sourcecode.c.objc; path = MyBillView.m; sourceTree = "<group>"; };
		091551F421D5D0C2000FDBFC /* MyBillView.xib */ = {isa = PBXFileReference; fileEncoding = 4; lastKnownFileType = file.xib; path = MyBillView.xib; sourceTree = "<group>"; };
		091551F521D5D0C2000FDBFC /* MyBillView.h */ = {isa = PBXFileReference; fileEncoding = 4; lastKnownFileType = sourcecode.c.h; path = MyBillView.h; sourceTree = "<group>"; };
		091551F721D5D0C2000FDBFC /* SellerInfomationView.m */ = {isa = PBXFileReference; fileEncoding = 4; lastKnownFileType = sourcecode.c.objc; path = SellerInfomationView.m; sourceTree = "<group>"; };
		091551F821D5D0C2000FDBFC /* SellerInfomationView.h */ = {isa = PBXFileReference; fileEncoding = 4; lastKnownFileType = sourcecode.c.h; path = SellerInfomationView.h; sourceTree = "<group>"; };
		091551F921D5D0C2000FDBFC /* SellerInfomationView.xib */ = {isa = PBXFileReference; fileEncoding = 4; lastKnownFileType = file.xib; path = SellerInfomationView.xib; sourceTree = "<group>"; };
		0915520321D5D0F1000FDBFC /* BillDetailsView.h */ = {isa = PBXFileReference; lastKnownFileType = sourcecode.c.h; path = BillDetailsView.h; sourceTree = "<group>"; };
		0915520421D5D0F1000FDBFC /* BillDetailsView.m */ = {isa = PBXFileReference; lastKnownFileType = sourcecode.c.objc; path = BillDetailsView.m; sourceTree = "<group>"; };
		0915520621D5D0FA000FDBFC /* BillDetailsView.xib */ = {isa = PBXFileReference; lastKnownFileType = file.xib; path = BillDetailsView.xib; sourceTree = "<group>"; };
		0915521621D5D507000FDBFC /* HTTPResponse.m */ = {isa = PBXFileReference; fileEncoding = 4; lastKnownFileType = sourcecode.c.objc; path = HTTPResponse.m; sourceTree = "<group>"; };
		0915521721D5D507000FDBFC /* HTTPManager.h */ = {isa = PBXFileReference; fileEncoding = 4; lastKnownFileType = sourcecode.c.h; path = HTTPManager.h; sourceTree = "<group>"; };
		0915521821D5D507000FDBFC /* YQBaseRequest.h */ = {isa = PBXFileReference; fileEncoding = 4; lastKnownFileType = sourcecode.c.h; path = YQBaseRequest.h; sourceTree = "<group>"; };
		0915521921D5D507000FDBFC /* HTTPManager.m */ = {isa = PBXFileReference; fileEncoding = 4; lastKnownFileType = sourcecode.c.objc; path = HTTPManager.m; sourceTree = "<group>"; };
		0915521A21D5D507000FDBFC /* HTTPResponse.h */ = {isa = PBXFileReference; fileEncoding = 4; lastKnownFileType = sourcecode.c.h; path = HTTPResponse.h; sourceTree = "<group>"; };
		0915521B21D5D507000FDBFC /* YQBaseRequest.m */ = {isa = PBXFileReference; fileEncoding = 4; lastKnownFileType = sourcecode.c.objc; path = YQBaseRequest.m; sourceTree = "<group>"; };
		0915522021D5D6E9000FDBFC /* UIView+Help.h */ = {isa = PBXFileReference; fileEncoding = 4; lastKnownFileType = sourcecode.c.h; path = "UIView+Help.h"; sourceTree = "<group>"; };
		0915522121D5D6E9000FDBFC /* UIColor+Help.m */ = {isa = PBXFileReference; fileEncoding = 4; lastKnownFileType = sourcecode.c.objc; path = "UIColor+Help.m"; sourceTree = "<group>"; };
		0915522221D5D6E9000FDBFC /* UIImage+Help.m */ = {isa = PBXFileReference; fileEncoding = 4; lastKnownFileType = sourcecode.c.objc; path = "UIImage+Help.m"; sourceTree = "<group>"; };
		0915522321D5D6E9000FDBFC /* UITextField+Help.m */ = {isa = PBXFileReference; fileEncoding = 4; lastKnownFileType = sourcecode.c.objc; path = "UITextField+Help.m"; sourceTree = "<group>"; };
		0915522421D5D6E9000FDBFC /* UIImage+GenerateQRCode.h */ = {isa = PBXFileReference; fileEncoding = 4; lastKnownFileType = sourcecode.c.h; path = "UIImage+GenerateQRCode.h"; sourceTree = "<group>"; };
		0915522521D5D6E9000FDBFC /* NSArray+Help.m */ = {isa = PBXFileReference; fileEncoding = 4; lastKnownFileType = sourcecode.c.objc; path = "NSArray+Help.m"; sourceTree = "<group>"; };
		0915522621D5D6E9000FDBFC /* UIPickerView+Help.m */ = {isa = PBXFileReference; fileEncoding = 4; lastKnownFileType = sourcecode.c.objc; path = "UIPickerView+Help.m"; sourceTree = "<group>"; };
		0915522721D5D6E9000FDBFC /* UIViewController+Help.m */ = {isa = PBXFileReference; fileEncoding = 4; lastKnownFileType = sourcecode.c.objc; path = "UIViewController+Help.m"; sourceTree = "<group>"; };
		0915522821D5D6E9000FDBFC /* NSString+Help.h */ = {isa = PBXFileReference; fileEncoding = 4; lastKnownFileType = sourcecode.c.h; path = "NSString+Help.h"; sourceTree = "<group>"; };
		0915522921D5D6E9000FDBFC /* UINavigationController+help.h */ = {isa = PBXFileReference; fileEncoding = 4; lastKnownFileType = sourcecode.c.h; path = "UINavigationController+help.h"; sourceTree = "<group>"; };
		0915522A21D5D6E9000FDBFC /* UIImage+Help.h */ = {isa = PBXFileReference; fileEncoding = 4; lastKnownFileType = sourcecode.c.h; path = "UIImage+Help.h"; sourceTree = "<group>"; };
		0915522B21D5D6E9000FDBFC /* UIColor+Help.h */ = {isa = PBXFileReference; fileEncoding = 4; lastKnownFileType = sourcecode.c.h; path = "UIColor+Help.h"; sourceTree = "<group>"; };
		0915522C21D5D6E9000FDBFC /* UIView+Help.m */ = {isa = PBXFileReference; fileEncoding = 4; lastKnownFileType = sourcecode.c.objc; path = "UIView+Help.m"; sourceTree = "<group>"; };
		0915522D21D5D6E9000FDBFC /* UIPickerView+Help.h */ = {isa = PBXFileReference; fileEncoding = 4; lastKnownFileType = sourcecode.c.h; path = "UIPickerView+Help.h"; sourceTree = "<group>"; };
		0915522E21D5D6E9000FDBFC /* NSArray+Help.h */ = {isa = PBXFileReference; fileEncoding = 4; lastKnownFileType = sourcecode.c.h; path = "NSArray+Help.h"; sourceTree = "<group>"; };
		0915522F21D5D6E9000FDBFC /* UITextField+Help.h */ = {isa = PBXFileReference; fileEncoding = 4; lastKnownFileType = sourcecode.c.h; path = "UITextField+Help.h"; sourceTree = "<group>"; };
		0915523021D5D6E9000FDBFC /* UIImage+GenerateQRCode.m */ = {isa = PBXFileReference; fileEncoding = 4; lastKnownFileType = sourcecode.c.objc; path = "UIImage+GenerateQRCode.m"; sourceTree = "<group>"; };
		0915523121D5D6E9000FDBFC /* UINavigationController+help.m */ = {isa = PBXFileReference; fileEncoding = 4; lastKnownFileType = sourcecode.c.objc; path = "UINavigationController+help.m"; sourceTree = "<group>"; };
		0915523221D5D6E9000FDBFC /* NSString+Help.m */ = {isa = PBXFileReference; fileEncoding = 4; lastKnownFileType = sourcecode.c.objc; path = "NSString+Help.m"; sourceTree = "<group>"; };
		0915523321D5D6E9000FDBFC /* UIViewController+Help.h */ = {isa = PBXFileReference; fileEncoding = 4; lastKnownFileType = sourcecode.c.h; path = "UIViewController+Help.h"; sourceTree = "<group>"; };
		0915523521D5D6E9000FDBFC /* HUD.h */ = {isa = PBXFileReference; fileEncoding = 4; lastKnownFileType = sourcecode.c.h; path = HUD.h; sourceTree = "<group>"; };
		0915523621D5D6E9000FDBFC /* HUDOperationManager.h */ = {isa = PBXFileReference; fileEncoding = 4; lastKnownFileType = sourcecode.c.h; path = HUDOperationManager.h; sourceTree = "<group>"; };
		0915523721D5D6E9000FDBFC /* HUD.m */ = {isa = PBXFileReference; fileEncoding = 4; lastKnownFileType = sourcecode.c.objc; path = HUD.m; sourceTree = "<group>"; };
		0915523821D5D6E9000FDBFC /* HUDOperationManager.m */ = {isa = PBXFileReference; fileEncoding = 4; lastKnownFileType = sourcecode.c.objc; path = HUDOperationManager.m; sourceTree = "<group>"; };
		0915523A21D5D6EA000FDBFC /* PooCodeView.m */ = {isa = PBXFileReference; fileEncoding = 4; lastKnownFileType = sourcecode.c.objc; path = PooCodeView.m; sourceTree = "<group>"; };
		0915523B21D5D6EA000FDBFC /* PooCodeView.h */ = {isa = PBXFileReference; fileEncoding = 4; lastKnownFileType = sourcecode.c.h; path = PooCodeView.h; sourceTree = "<group>"; };
		0915524A21D5D740000FDBFC /* SHOperation.m */ = {isa = PBXFileReference; fileEncoding = 4; lastKnownFileType = sourcecode.c.objc; path = SHOperation.m; sourceTree = "<group>"; };
		0915524B21D5D740000FDBFC /* SHOperation.h */ = {isa = PBXFileReference; fileEncoding = 4; lastKnownFileType = sourcecode.c.h; path = SHOperation.h; sourceTree = "<group>"; };
		0915524D21D5F46B000FDBFC /* BillDetailVC.h */ = {isa = PBXFileReference; lastKnownFileType = sourcecode.c.h; path = BillDetailVC.h; sourceTree = "<group>"; };
		0915524E21D5F46B000FDBFC /* BillDetailVC.m */ = {isa = PBXFileReference; lastKnownFileType = sourcecode.c.objc; path = BillDetailVC.m; sourceTree = "<group>"; };
		0915525021D5F499000FDBFC /* BillDetailCell.h */ = {isa = PBXFileReference; lastKnownFileType = sourcecode.c.h; path = BillDetailCell.h; sourceTree = "<group>"; };
		0915525121D5F499000FDBFC /* BillDetailCell.m */ = {isa = PBXFileReference; lastKnownFileType = sourcecode.c.objc; path = BillDetailCell.m; sourceTree = "<group>"; };
		0915525321D5F4B3000FDBFC /* BillPhotoCell.h */ = {isa = PBXFileReference; lastKnownFileType = sourcecode.c.h; path = BillPhotoCell.h; sourceTree = "<group>"; };
		0915525421D5F4B3000FDBFC /* BillPhotoCell.m */ = {isa = PBXFileReference; lastKnownFileType = sourcecode.c.objc; path = BillPhotoCell.m; sourceTree = "<group>"; };
		0915525721D60841000FDBFC /* TransactionApplicationVC.h */ = {isa = PBXFileReference; lastKnownFileType = sourcecode.c.h; path = TransactionApplicationVC.h; sourceTree = "<group>"; };
		0915525821D60841000FDBFC /* TransactionApplicationVC.m */ = {isa = PBXFileReference; lastKnownFileType = sourcecode.c.objc; path = TransactionApplicationVC.m; sourceTree = "<group>"; };
		0915525B21D60EBD000FDBFC /* TradingHeaderView.h */ = {isa = PBXFileReference; lastKnownFileType = sourcecode.c.h; path = TradingHeaderView.h; sourceTree = "<group>"; };
		0915525C21D60EBD000FDBFC /* TradingHeaderView.m */ = {isa = PBXFileReference; lastKnownFileType = sourcecode.c.objc; path = TradingHeaderView.m; sourceTree = "<group>"; };
		0915525E21D60ECC000FDBFC /* TradingHeaderView.xib */ = {isa = PBXFileReference; lastKnownFileType = file.xib; path = TradingHeaderView.xib; sourceTree = "<group>"; };
		0915526121D611BF000FDBFC /* PaymentAccountView.xib */ = {isa = PBXFileReference; lastKnownFileType = file.xib; path = PaymentAccountView.xib; sourceTree = "<group>"; };
		0915526321D611CA000FDBFC /* PaymentAccountView.h */ = {isa = PBXFileReference; lastKnownFileType = sourcecode.c.h; path = PaymentAccountView.h; sourceTree = "<group>"; };
		0915526421D611CA000FDBFC /* PaymentAccountView.m */ = {isa = PBXFileReference; lastKnownFileType = sourcecode.c.objc; path = PaymentAccountView.m; sourceTree = "<group>"; };
		0915526721D6131D000FDBFC /* TradingInformationView.h */ = {isa = PBXFileReference; lastKnownFileType = sourcecode.c.h; path = TradingInformationView.h; sourceTree = "<group>"; };
		0915526821D6131D000FDBFC /* TradingInformationView.m */ = {isa = PBXFileReference; lastKnownFileType = sourcecode.c.objc; path = TradingInformationView.m; sourceTree = "<group>"; };
		0915526A21D61324000FDBFC /* TradingInformationView.xib */ = {isa = PBXFileReference; lastKnownFileType = file.xib; path = TradingInformationView.xib; sourceTree = "<group>"; };
		091986F521D45CAD00C7C5A5 /* YQBaseView.h */ = {isa = PBXFileReference; lastKnownFileType = sourcecode.c.h; path = YQBaseView.h; sourceTree = "<group>"; };
		091986F621D45CAD00C7C5A5 /* YQBaseView.m */ = {isa = PBXFileReference; lastKnownFileType = sourcecode.c.objc; path = YQBaseView.m; sourceTree = "<group>"; };
		091986FF21D4644100C7C5A5 /* HomeTitleCell.h */ = {isa = PBXFileReference; lastKnownFileType = sourcecode.c.h; path = HomeTitleCell.h; sourceTree = "<group>"; };
		0919870021D4644100C7C5A5 /* HomeTitleCell.m */ = {isa = PBXFileReference; lastKnownFileType = sourcecode.c.objc; path = HomeTitleCell.m; sourceTree = "<group>"; };
		0919870321D46E0100C7C5A5 /* SingContractVC.h */ = {isa = PBXFileReference; lastKnownFileType = sourcecode.c.h; path = SingContractVC.h; sourceTree = "<group>"; };
		0919870421D46E0100C7C5A5 /* SingContractVC.m */ = {isa = PBXFileReference; lastKnownFileType = sourcecode.c.objc; path = SingContractVC.m; sourceTree = "<group>"; };
		0919870B21D477CD00C7C5A5 /* MyBillCell.h */ = {isa = PBXFileReference; lastKnownFileType = sourcecode.c.h; path = MyBillCell.h; sourceTree = "<group>"; };
		0919870C21D477CD00C7C5A5 /* MyBillCell.m */ = {isa = PBXFileReference; lastKnownFileType = sourcecode.c.objc; path = MyBillCell.m; sourceTree = "<group>"; };
		0919870F21D4810E00C7C5A5 /* YQColor.h */ = {isa = PBXFileReference; lastKnownFileType = sourcecode.c.h; path = YQColor.h; sourceTree = "<group>"; };
		0919871521D48A4A00C7C5A5 /* SellerInfomationCell.h */ = {isa = PBXFileReference; lastKnownFileType = sourcecode.c.h; path = SellerInfomationCell.h; sourceTree = "<group>"; };
		0919871621D48A4A00C7C5A5 /* SellerInfomationCell.m */ = {isa = PBXFileReference; lastKnownFileType = sourcecode.c.objc; path = SellerInfomationCell.m; sourceTree = "<group>"; };
		0919871821D48C6500C7C5A5 /* SingContractCell.h */ = {isa = PBXFileReference; lastKnownFileType = sourcecode.c.h; path = SingContractCell.h; sourceTree = "<group>"; };
		0919871921D48C6500C7C5A5 /* SingContractCell.m */ = {isa = PBXFileReference; lastKnownFileType = sourcecode.c.objc; path = SingContractCell.m; sourceTree = "<group>"; };
		0919872421D4B08800C7C5A5 /* RegisterVC.h */ = {isa = PBXFileReference; lastKnownFileType = sourcecode.c.h; path = RegisterVC.h; sourceTree = "<group>"; };
		0919872521D4B08800C7C5A5 /* RegisterVC.m */ = {isa = PBXFileReference; lastKnownFileType = sourcecode.c.objc; path = RegisterVC.m; sourceTree = "<group>"; };
		0919874921D4B3B000C7C5A5 /* ForgetPasswordVC.h */ = {isa = PBXFileReference; lastKnownFileType = sourcecode.c.h; path = ForgetPasswordVC.h; sourceTree = "<group>"; };
		0919874A21D4B3B000C7C5A5 /* ForgetPasswordVC.m */ = {isa = PBXFileReference; lastKnownFileType = sourcecode.c.objc; path = ForgetPasswordVC.m; sourceTree = "<group>"; };
		0919874C21D4B78300C7C5A5 /* Header.h */ = {isa = PBXFileReference; lastKnownFileType = sourcecode.c.h; path = Header.h; sourceTree = "<group>"; };
		0919874D21D4B8AB00C7C5A5 /* Notification.h */ = {isa = PBXFileReference; lastKnownFileType = sourcecode.c.h; path = Notification.h; sourceTree = "<group>"; };
		0919874E21D4B8AB00C7C5A5 /* app.h */ = {isa = PBXFileReference; lastKnownFileType = sourcecode.c.h; path = app.h; sourceTree = "<group>"; };
		0919874F21D4B8AB00C7C5A5 /* Macros.h */ = {isa = PBXFileReference; lastKnownFileType = sourcecode.c.h; path = Macros.h; sourceTree = "<group>"; };
		0919875121D4B8AB00C7C5A5 /* String.h */ = {isa = PBXFileReference; lastKnownFileType = sourcecode.c.h; path = String.h; sourceTree = "<group>"; };
		0919877E21D4CB5100C7C5A5 /* VerifiedVC.h */ = {isa = PBXFileReference; lastKnownFileType = sourcecode.c.h; path = VerifiedVC.h; sourceTree = "<group>"; };
		0919877F21D4CB5100C7C5A5 /* VerifiedVC.m */ = {isa = PBXFileReference; lastKnownFileType = sourcecode.c.objc; path = VerifiedVC.m; sourceTree = "<group>"; };
		0919878121D4CCD100C7C5A5 /* VerifiedCell.h */ = {isa = PBXFileReference; lastKnownFileType = sourcecode.c.h; path = VerifiedCell.h; sourceTree = "<group>"; };
		0919878221D4CCD100C7C5A5 /* VerifiedCell.m */ = {isa = PBXFileReference; lastKnownFileType = sourcecode.c.objc; path = VerifiedCell.m; sourceTree = "<group>"; };
		0923BB2F21D346B8007A294B /* YQTest.app */ = {isa = PBXFileReference; explicitFileType = wrapper.application; includeInIndex = 0; path = YQTest.app; sourceTree = BUILT_PRODUCTS_DIR; };
		0923BB3221D346B8007A294B /* AppDelegate.h */ = {isa = PBXFileReference; lastKnownFileType = sourcecode.c.h; path = AppDelegate.h; sourceTree = "<group>"; };
		0923BB3321D346B8007A294B /* AppDelegate.m */ = {isa = PBXFileReference; lastKnownFileType = sourcecode.c.objc; path = AppDelegate.m; sourceTree = "<group>"; };
		0923BB3521D346B8007A294B /* ViewController.h */ = {isa = PBXFileReference; lastKnownFileType = sourcecode.c.h; path = ViewController.h; sourceTree = "<group>"; };
		0923BB3621D346B8007A294B /* ViewController.m */ = {isa = PBXFileReference; lastKnownFileType = sourcecode.c.objc; path = ViewController.m; sourceTree = "<group>"; };
		0923BB3921D346B8007A294B /* Base */ = {isa = PBXFileReference; lastKnownFileType = file.storyboard; name = Base; path = Base.lproj/Main.storyboard; sourceTree = "<group>"; };
		0923BB3B21D346B9007A294B /* Assets.xcassets */ = {isa = PBXFileReference; lastKnownFileType = folder.assetcatalog; path = Assets.xcassets; sourceTree = "<group>"; };
		0923BB3E21D346B9007A294B /* Base */ = {isa = PBXFileReference; lastKnownFileType = file.storyboard; name = Base; path = Base.lproj/LaunchScreen.storyboard; sourceTree = "<group>"; };
		0923BB4021D346B9007A294B /* Info.plist */ = {isa = PBXFileReference; lastKnownFileType = text.plist.xml; path = Info.plist; sourceTree = "<group>"; };
		0923BB4121D346B9007A294B /* main.m */ = {isa = PBXFileReference; lastKnownFileType = sourcecode.c.objc; path = main.m; sourceTree = "<group>"; };
		0923BB4721D346B9007A294B /* YQTestTests.xctest */ = {isa = PBXFileReference; explicitFileType = wrapper.cfbundle; includeInIndex = 0; path = YQTestTests.xctest; sourceTree = BUILT_PRODUCTS_DIR; };
		0923BB4B21D346B9007A294B /* YQTestTests.m */ = {isa = PBXFileReference; lastKnownFileType = sourcecode.c.objc; path = YQTestTests.m; sourceTree = "<group>"; };
		0923BB4D21D346B9007A294B /* Info.plist */ = {isa = PBXFileReference; lastKnownFileType = text.plist.xml; path = Info.plist; sourceTree = "<group>"; };
		0923BB5221D346B9007A294B /* YQTestUITests.xctest */ = {isa = PBXFileReference; explicitFileType = wrapper.cfbundle; includeInIndex = 0; path = YQTestUITests.xctest; sourceTree = BUILT_PRODUCTS_DIR; };
		0923BB5621D346B9007A294B /* YQTestUITests.m */ = {isa = PBXFileReference; lastKnownFileType = sourcecode.c.objc; path = YQTestUITests.m; sourceTree = "<group>"; };
		0923BB5821D346B9007A294B /* Info.plist */ = {isa = PBXFileReference; lastKnownFileType = text.plist.xml; path = Info.plist; sourceTree = "<group>"; };
		097A4A6C21D3687B00EF8053 /* YQBaseViewModel.h */ = {isa = PBXFileReference; lastKnownFileType = sourcecode.c.h; path = YQBaseViewModel.h; sourceTree = "<group>"; };
		097A4A6D21D3687B00EF8053 /* YQBaseViewModel.m */ = {isa = PBXFileReference; lastKnownFileType = sourcecode.c.objc; path = YQBaseViewModel.m; sourceTree = "<group>"; };
		0981E2AA21D3508000C2D119 /* YQTabBarController.h */ = {isa = PBXFileReference; lastKnownFileType = sourcecode.c.h; path = YQTabBarController.h; sourceTree = "<group>"; };
		0981E2AB21D3508000C2D119 /* YQTabBarController.m */ = {isa = PBXFileReference; lastKnownFileType = sourcecode.c.objc; path = YQTabBarController.m; sourceTree = "<group>"; };
		0981E2B321D3535100C2D119 /* Home.storyboard */ = {isa = PBXFileReference; lastKnownFileType = file.storyboard; path = Home.storyboard; sourceTree = "<group>"; };
		0981E2B621D3537E00C2D119 /* Transaction.storyboard */ = {isa = PBXFileReference; lastKnownFileType = file.storyboard; path = Transaction.storyboard; sourceTree = "<group>"; };
		0981E2BA21D3539300C2D119 /* Mine.storyboard */ = {isa = PBXFileReference; lastKnownFileType = file.storyboard; path = Mine.storyboard; sourceTree = "<group>"; };
		0981E2BE21D353AD00C2D119 /* Release.storyboard */ = {isa = PBXFileReference; lastKnownFileType = file.storyboard; path = Release.storyboard; sourceTree = "<group>"; };
		0981E2C221D354A300C2D119 /* YQTabBar.storyboard */ = {isa = PBXFileReference; lastKnownFileType = file.storyboard; path = YQTabBar.storyboard; sourceTree = "<group>"; };
		0981E2C521D3550700C2D119 /* Login.storyboard */ = {isa = PBXFileReference; fileEncoding = 4; lastKnownFileType = file.storyboard; path = Login.storyboard; sourceTree = "<group>"; };
		0981E2C821D356D900C2D119 /* YQBaseViewController.h */ = {isa = PBXFileReference; lastKnownFileType = sourcecode.c.h; path = YQBaseViewController.h; sourceTree = "<group>"; };
		0981E2C921D356D900C2D119 /* YQBaseViewController.m */ = {isa = PBXFileReference; lastKnownFileType = sourcecode.c.objc; path = YQBaseViewController.m; sourceTree = "<group>"; };
		0981E2CB21D3573600C2D119 /* LoginVC.h */ = {isa = PBXFileReference; lastKnownFileType = sourcecode.c.h; path = LoginVC.h; sourceTree = "<group>"; };
		0981E2CC21D3573600C2D119 /* LoginVC.m */ = {isa = PBXFileReference; lastKnownFileType = sourcecode.c.objc; path = LoginVC.m; sourceTree = "<group>"; };
		0981E2CE21D3574400C2D119 /* TransactionVC.h */ = {isa = PBXFileReference; lastKnownFileType = sourcecode.c.h; path = TransactionVC.h; sourceTree = "<group>"; };
		0981E2CF21D3574400C2D119 /* TransactionVC.m */ = {isa = PBXFileReference; lastKnownFileType = sourcecode.c.objc; path = TransactionVC.m; sourceTree = "<group>"; };
		0981E2D421D3577600C2D119 /* MineVC.h */ = {isa = PBXFileReference; lastKnownFileType = sourcecode.c.h; path = MineVC.h; sourceTree = "<group>"; };
		0981E2D521D3577600C2D119 /* MineVC.m */ = {isa = PBXFileReference; lastKnownFileType = sourcecode.c.objc; path = MineVC.m; sourceTree = "<group>"; };
		0981E2D721D3578200C2D119 /* ReleaseVC.h */ = {isa = PBXFileReference; lastKnownFileType = sourcecode.c.h; path = ReleaseVC.h; sourceTree = "<group>"; };
		0981E2D821D3578200C2D119 /* ReleaseVC.m */ = {isa = PBXFileReference; lastKnownFileType = sourcecode.c.objc; path = ReleaseVC.m; sourceTree = "<group>"; };
		0981E2DA21D35B6300C2D119 /* YQBaseTableViewController.h */ = {isa = PBXFileReference; lastKnownFileType = sourcecode.c.h; path = YQBaseTableViewController.h; sourceTree = "<group>"; };
		0981E2DB21D35B6300C2D119 /* YQBaseTableViewController.m */ = {isa = PBXFileReference; lastKnownFileType = sourcecode.c.objc; path = YQBaseTableViewController.m; sourceTree = "<group>"; };
		0981E2DE21D361F700C2D119 /* YQBaseModel.h */ = {isa = PBXFileReference; lastKnownFileType = sourcecode.c.h; path = YQBaseModel.h; sourceTree = "<group>"; };
		0981E2DF21D361F700C2D119 /* YQBaseModel.m */ = {isa = PBXFileReference; lastKnownFileType = sourcecode.c.objc; path = YQBaseModel.m; sourceTree = "<group>"; };
		0981E2E121D3620200C2D119 /* AccountModel.h */ = {isa = PBXFileReference; lastKnownFileType = sourcecode.c.h; path = AccountModel.h; sourceTree = "<group>"; };
		0981E2E221D3620200C2D119 /* AccountModel.m */ = {isa = PBXFileReference; lastKnownFileType = sourcecode.c.objc; path = AccountModel.m; sourceTree = "<group>"; };
		0981E2E521D362F000C2D119 /* HomeVC.m */ = {isa = PBXFileReference; fileEncoding = 4; lastKnownFileType = sourcecode.c.objc; path = HomeVC.m; sourceTree = "<group>"; };
		0981E2E621D362F000C2D119 /* HomeVC.h */ = {isa = PBXFileReference; fileEncoding = 4; lastKnownFileType = sourcecode.c.h; path = HomeVC.h; sourceTree = "<group>"; };
		0981E2E821D3630B00C2D119 /* YQBaseTableViewCell.h */ = {isa = PBXFileReference; lastKnownFileType = sourcecode.c.h; path = YQBaseTableViewCell.h; sourceTree = "<group>"; };
		0981E2E921D3630B00C2D119 /* YQBaseTableViewCell.m */ = {isa = PBXFileReference; lastKnownFileType = sourcecode.c.objc; path = YQBaseTableViewCell.m; sourceTree = "<group>"; };
		0981E2EB21D3633D00C2D119 /* HomeCell.h */ = {isa = PBXFileReference; lastKnownFileType = sourcecode.c.h; path = HomeCell.h; sourceTree = "<group>"; };
		0981E2EC21D3633D00C2D119 /* HomeCell.m */ = {isa = PBXFileReference; lastKnownFileType = sourcecode.c.objc; path = HomeCell.m; sourceTree = "<group>"; };
		2349CE0F6B23C63FCA943C20 /* libPods-YQTest.a */ = {isa = PBXFileReference; explicitFileType = archive.ar; includeInIndex = 0; path = "libPods-YQTest.a"; sourceTree = BUILT_PRODUCTS_DIR; };
		D64B7D6F202A46E29EC81A7E /* Pods-YQTest.release.xcconfig */ = {isa = PBXFileReference; includeInIndex = 1; lastKnownFileType = text.xcconfig; name = "Pods-YQTest.release.xcconfig"; path = "Pods/Target Support Files/Pods-YQTest/Pods-YQTest.release.xcconfig"; sourceTree = "<group>"; };
		E68E5F545598F9EB05793E86 /* Pods-YQTest.debug.xcconfig */ = {isa = PBXFileReference; includeInIndex = 1; lastKnownFileType = text.xcconfig; name = "Pods-YQTest.debug.xcconfig"; path = "Pods/Target Support Files/Pods-YQTest/Pods-YQTest.debug.xcconfig"; sourceTree = "<group>"; };
/* End PBXFileReference section */

/* Begin PBXFrameworksBuildPhase section */
		0923BB2C21D346B8007A294B /* Frameworks */ = {
			isa = PBXFrameworksBuildPhase;
			buildActionMask = 2147483647;
			files = (
				27D11129B95D16B2DD0C6364 /* libPods-YQTest.a in Frameworks */,
			);
			runOnlyForDeploymentPostprocessing = 0;
		};
		0923BB4421D346B9007A294B /* Frameworks */ = {
			isa = PBXFrameworksBuildPhase;
			buildActionMask = 2147483647;
			files = (
			);
			runOnlyForDeploymentPostprocessing = 0;
		};
		0923BB4F21D346B9007A294B /* Frameworks */ = {
			isa = PBXFrameworksBuildPhase;
			buildActionMask = 2147483647;
			files = (
			);
			runOnlyForDeploymentPostprocessing = 0;
		};
/* End PBXFrameworksBuildPhase section */

/* Begin PBXGroup section */
		091551E121D5C077000FDBFC /* ImagePacker */ = {
			isa = PBXGroup;
			children = (
				091551E221D5C077000FDBFC /* SHImagePicker.m */,
				091551E321D5C077000FDBFC /* SHImagePicker.h */,
			);
			path = ImagePacker;
			sourceTree = "<group>";
		};
		091551E521D5C2E1000FDBFC /* Alert */ = {
			isa = PBXGroup;
			children = (
				091551E621D5C2E1000FDBFC /* SHAlertController.h */,
				091551E721D5C2E1000FDBFC /* SHAlertController.m */,
			);
			path = Alert;
			sourceTree = "<group>";
		};
		091551E921D5D01A000FDBFC /* BillDetails */ = {
			isa = PBXGroup;
			children = (
				0915524D21D5F46B000FDBFC /* BillDetailVC.h */,
				0915524E21D5F46B000FDBFC /* BillDetailVC.m */,
				0915525021D5F499000FDBFC /* BillDetailCell.h */,
				0915525121D5F499000FDBFC /* BillDetailCell.m */,
				0915525321D5F4B3000FDBFC /* BillPhotoCell.h */,
				0915525421D5F4B3000FDBFC /* BillPhotoCell.m */,
			);
			path = BillDetails;
			sourceTree = "<group>";
		};
		091551EA21D5D0C2000FDBFC /* TradingStatusView */ = {
			isa = PBXGroup;
			children = (
				091551EB21D5D0C2000FDBFC /* TradingStatusView.h */,
				091551EC21D5D0C2000FDBFC /* TradingStatusView.xib */,
				091551ED21D5D0C2000FDBFC /* TradingStatusView.m */,
			);
			path = TradingStatusView;
			sourceTree = "<group>";
		};
		091551EE21D5D0C2000FDBFC /* HeaderView */ = {
			isa = PBXGroup;
			children = (
				091551EF21D5D0C2000FDBFC /* HeaderView.m */,
				091551F021D5D0C2000FDBFC /* HeaderView.xib */,
				091551F121D5D0C2000FDBFC /* HeaderView.h */,
			);
			path = HeaderView;
			sourceTree = "<group>";
		};
		091551F221D5D0C2000FDBFC /* MyBillView */ = {
			isa = PBXGroup;
			children = (
				091551F321D5D0C2000FDBFC /* MyBillView.m */,
				091551F421D5D0C2000FDBFC /* MyBillView.xib */,
				091551F521D5D0C2000FDBFC /* MyBillView.h */,
			);
			path = MyBillView;
			sourceTree = "<group>";
		};
		091551F621D5D0C2000FDBFC /* SellerInfomationView */ = {
			isa = PBXGroup;
			children = (
				091551F721D5D0C2000FDBFC /* SellerInfomationView.m */,
				091551F821D5D0C2000FDBFC /* SellerInfomationView.h */,
				091551F921D5D0C2000FDBFC /* SellerInfomationView.xib */,
			);
			path = SellerInfomationView;
			sourceTree = "<group>";
		};
		0915520221D5D0DB000FDBFC /* BillDetailsView */ = {
			isa = PBXGroup;
			children = (
				0915520321D5D0F1000FDBFC /* BillDetailsView.h */,
				0915520421D5D0F1000FDBFC /* BillDetailsView.m */,
				0915520621D5D0FA000FDBFC /* BillDetailsView.xib */,
			);
			path = BillDetailsView;
			sourceTree = "<group>";
		};
		0915521521D5D507000FDBFC /* HTTP */ = {
			isa = PBXGroup;
			children = (
				0915521721D5D507000FDBFC /* HTTPManager.h */,
				0915521921D5D507000FDBFC /* HTTPManager.m */,
				0915521A21D5D507000FDBFC /* HTTPResponse.h */,
				0915521621D5D507000FDBFC /* HTTPResponse.m */,
				0915521821D5D507000FDBFC /* YQBaseRequest.h */,
				0915521B21D5D507000FDBFC /* YQBaseRequest.m */,
			);
			name = HTTP;
			path = VC/HTTP;
			sourceTree = "<group>";
		};
		0915521F21D5D6E9000FDBFC /* Category */ = {
			isa = PBXGroup;
			children = (
				0915522E21D5D6E9000FDBFC /* NSArray+Help.h */,
				0915522521D5D6E9000FDBFC /* NSArray+Help.m */,
				0915522821D5D6E9000FDBFC /* NSString+Help.h */,
				0915523221D5D6E9000FDBFC /* NSString+Help.m */,
				0915522B21D5D6E9000FDBFC /* UIColor+Help.h */,
				0915522121D5D6E9000FDBFC /* UIColor+Help.m */,
				0915522421D5D6E9000FDBFC /* UIImage+GenerateQRCode.h */,
				0915523021D5D6E9000FDBFC /* UIImage+GenerateQRCode.m */,
				0915522A21D5D6E9000FDBFC /* UIImage+Help.h */,
				0915522221D5D6E9000FDBFC /* UIImage+Help.m */,
				0915522921D5D6E9000FDBFC /* UINavigationController+help.h */,
				0915523121D5D6E9000FDBFC /* UINavigationController+help.m */,
				0915522D21D5D6E9000FDBFC /* UIPickerView+Help.h */,
				0915522621D5D6E9000FDBFC /* UIPickerView+Help.m */,
				0915522F21D5D6E9000FDBFC /* UITextField+Help.h */,
				0915522321D5D6E9000FDBFC /* UITextField+Help.m */,
				0915522021D5D6E9000FDBFC /* UIView+Help.h */,
				0915522C21D5D6E9000FDBFC /* UIView+Help.m */,
				0915523321D5D6E9000FDBFC /* UIViewController+Help.h */,
				0915522721D5D6E9000FDBFC /* UIViewController+Help.m */,
			);
			path = Category;
			sourceTree = "<group>";
		};
		0915523421D5D6E9000FDBFC /* HUD */ = {
			isa = PBXGroup;
			children = (
				0915523521D5D6E9000FDBFC /* HUD.h */,
				0915523621D5D6E9000FDBFC /* HUDOperationManager.h */,
				0915523721D5D6E9000FDBFC /* HUD.m */,
				0915523821D5D6E9000FDBFC /* HUDOperationManager.m */,
			);
			path = HUD;
			sourceTree = "<group>";
		};
		0915523921D5D6EA000FDBFC /* PooCodeView */ = {
			isa = PBXGroup;
			children = (
				0915523A21D5D6EA000FDBFC /* PooCodeView.m */,
				0915523B21D5D6EA000FDBFC /* PooCodeView.h */,
			);
			path = PooCodeView;
			sourceTree = "<group>";
		};
		0915524921D5D740000FDBFC /* Operation */ = {
			isa = PBXGroup;
			children = (
				0915524B21D5D740000FDBFC /* SHOperation.h */,
				0915524A21D5D740000FDBFC /* SHOperation.m */,
			);
			path = Operation;
			sourceTree = "<group>";
		};
		0915525621D60831000FDBFC /* TransactionApplication */ = {
			isa = PBXGroup;
			children = (
				0915525721D60841000FDBFC /* TransactionApplicationVC.h */,
				0915525821D60841000FDBFC /* TransactionApplicationVC.m */,
			);
			path = TransactionApplication;
			sourceTree = "<group>";
		};
		0915525A21D60EAC000FDBFC /* TradingHeaderView */ = {
			isa = PBXGroup;
			children = (
				0915525B21D60EBD000FDBFC /* TradingHeaderView.h */,
				0915525C21D60EBD000FDBFC /* TradingHeaderView.m */,
				0915525E21D60ECC000FDBFC /* TradingHeaderView.xib */,
			);
			path = TradingHeaderView;
			sourceTree = "<group>";
		};
		0915526021D611B7000FDBFC /* PaymentAccountView */ = {
			isa = PBXGroup;
			children = (
				0915526121D611BF000FDBFC /* PaymentAccountView.xib */,
				0915526321D611CA000FDBFC /* PaymentAccountView.h */,
				0915526421D611CA000FDBFC /* PaymentAccountView.m */,
			);
			path = PaymentAccountView;
			sourceTree = "<group>";
		};
		0915526621D61316000FDBFC /* TradingInformationView */ = {
			isa = PBXGroup;
			children = (
				0915526721D6131D000FDBFC /* TradingInformationView.h */,
				0915526821D6131D000FDBFC /* TradingInformationView.m */,
				0915526A21D61324000FDBFC /* TradingInformationView.xib */,
			);
			path = TradingInformationView;
			sourceTree = "<group>";
		};
		091986F121D45C4400C7C5A5 /* View */ = {
			isa = PBXGroup;
			children = (
				0915526621D61316000FDBFC /* TradingInformationView */,
				0915526021D611B7000FDBFC /* PaymentAccountView */,
				0915525A21D60EAC000FDBFC /* TradingHeaderView */,
				0915520221D5D0DB000FDBFC /* BillDetailsView */,
				091551EE21D5D0C2000FDBFC /* HeaderView */,
				091551F221D5D0C2000FDBFC /* MyBillView */,
				091551F621D5D0C2000FDBFC /* SellerInfomationView */,
				091551EA21D5D0C2000FDBFC /* TradingStatusView */,
			);
			name = View;
			path = VC/View;
			sourceTree = "<group>";
		};
		0919870221D46DE000C7C5A5 /* SingContract */ = {
			isa = PBXGroup;
			children = (
				0919870321D46E0100C7C5A5 /* SingContractVC.h */,
				0919870421D46E0100C7C5A5 /* SingContractVC.m */,
				0919871821D48C6500C7C5A5 /* SingContractCell.h */,
				0919871921D48C6500C7C5A5 /* SingContractCell.m */,
				0919870B21D477CD00C7C5A5 /* MyBillCell.h */,
				0919870C21D477CD00C7C5A5 /* MyBillCell.m */,
				0919871521D48A4A00C7C5A5 /* SellerInfomationCell.h */,
				0919871621D48A4A00C7C5A5 /* SellerInfomationCell.m */,
			);
			path = SingContract;
			sourceTree = "<group>";
		};
		0919870E21D47D8100C7C5A5 /* Help */ = {
			isa = PBXGroup;
			children = (
				0915524921D5D740000FDBFC /* Operation */,
				0915521F21D5D6E9000FDBFC /* Category */,
				0915523421D5D6E9000FDBFC /* HUD */,
				0915523921D5D6EA000FDBFC /* PooCodeView */,
				091551E521D5C2E1000FDBFC /* Alert */,
				091551E121D5C077000FDBFC /* ImagePacker */,
				0919870F21D4810E00C7C5A5 /* YQColor.h */,
				0919874C21D4B78300C7C5A5 /* Header.h */,
				0919874E21D4B8AB00C7C5A5 /* app.h */,
				0919874F21D4B8AB00C7C5A5 /* Macros.h */,
				0919874D21D4B8AB00C7C5A5 /* Notification.h */,
				0919875121D4B8AB00C7C5A5 /* String.h */,
			);
			name = Help;
			path = VC/Help;
			sourceTree = "<group>";
		};
		0919877D21D4CB3400C7C5A5 /* Verified */ = {
			isa = PBXGroup;
			children = (
				0919877E21D4CB5100C7C5A5 /* VerifiedVC.h */,
				0919877F21D4CB5100C7C5A5 /* VerifiedVC.m */,
				0919878121D4CCD100C7C5A5 /* VerifiedCell.h */,
				0919878221D4CCD100C7C5A5 /* VerifiedCell.m */,
				091551DE21D5B97E000FDBFC /* VerifiedUploadCell.h */,
				091551DF21D5B97E000FDBFC /* VerifiedUploadCell.m */,
			);
			path = Verified;
			sourceTree = "<group>";
		};
		0923BB2621D346B8007A294B = {
			isa = PBXGroup;
			children = (
				0923BB3121D346B8007A294B /* YQTest */,
				0923BB4A21D346B9007A294B /* YQTestTests */,
				0923BB5521D346B9007A294B /* YQTestUITests */,
				0923BB3021D346B8007A294B /* Products */,
				401F04A4C0DC0E0E42FC3283 /* Pods */,
				8EBA96DB896FA8C7FD9DC6B2 /* Frameworks */,
			);
			sourceTree = "<group>";
		};
		0923BB3021D346B8007A294B /* Products */ = {
			isa = PBXGroup;
			children = (
				0923BB2F21D346B8007A294B /* YQTest.app */,
				0923BB4721D346B9007A294B /* YQTestTests.xctest */,
				0923BB5221D346B9007A294B /* YQTestUITests.xctest */,
			);
			name = Products;
			sourceTree = "<group>";
		};
		0923BB3121D346B8007A294B /* YQTest */ = {
			isa = PBXGroup;
			children = (
				0915521521D5D507000FDBFC /* HTTP */,
				0919870E21D47D8100C7C5A5 /* Help */,
				091986F121D45C4400C7C5A5 /* View */,
				0981E2DD21D361E900C2D119 /* Model */,
				0981E28521D34F5600C2D119 /* VC */,
				0923BB3221D346B8007A294B /* AppDelegate.h */,
				0923BB3321D346B8007A294B /* AppDelegate.m */,
				0923BB3521D346B8007A294B /* ViewController.h */,
				0923BB3621D346B8007A294B /* ViewController.m */,
				0923BB3821D346B8007A294B /* Main.storyboard */,
				0923BB3B21D346B9007A294B /* Assets.xcassets */,
				0923BB3D21D346B9007A294B /* LaunchScreen.storyboard */,
				0923BB4021D346B9007A294B /* Info.plist */,
				0923BB4121D346B9007A294B /* main.m */,
			);
			path = YQTest;
			sourceTree = "<group>";
		};
		0923BB4A21D346B9007A294B /* YQTestTests */ = {
			isa = PBXGroup;
			children = (
				0923BB4B21D346B9007A294B /* YQTestTests.m */,
				0923BB4D21D346B9007A294B /* Info.plist */,
			);
			path = YQTestTests;
			sourceTree = "<group>";
		};
		0923BB5521D346B9007A294B /* YQTestUITests */ = {
			isa = PBXGroup;
			children = (
				0923BB5621D346B9007A294B /* YQTestUITests.m */,
				0923BB5821D346B9007A294B /* Info.plist */,
			);
			path = YQTestUITests;
			sourceTree = "<group>";
		};
		0981E28521D34F5600C2D119 /* VC */ = {
			isa = PBXGroup;
			children = (
				0981E2C721D356C300C2D119 /* Base */,
				0981E2C421D3550700C2D119 /* Login */,
				0981E2B521D3537500C2D119 /* Transaction */,
				0981E2B221D3534700C2D119 /* Home */,
				0981E2B121D3534700C2D119 /* Mine */,
				0981E2B021D3534700C2D119 /* Release */,
				0981E2A821D3504B00C2D119 /* Tabbar */,
			);
			path = VC;
			sourceTree = "<group>";
		};
		0981E2A821D3504B00C2D119 /* Tabbar */ = {
			isa = PBXGroup;
			children = (
				0981E2AA21D3508000C2D119 /* YQTabBarController.h */,
				0981E2AB21D3508000C2D119 /* YQTabBarController.m */,
				0981E2C221D354A300C2D119 /* YQTabBar.storyboard */,
			);
			path = Tabbar;
			sourceTree = "<group>";
		};
		0981E2B021D3534700C2D119 /* Release */ = {
			isa = PBXGroup;
			children = (
				0981E2BE21D353AD00C2D119 /* Release.storyboard */,
				0981E2D721D3578200C2D119 /* ReleaseVC.h */,
				0981E2D821D3578200C2D119 /* ReleaseVC.m */,
			);
			path = Release;
			sourceTree = "<group>";
		};
		0981E2B121D3534700C2D119 /* Mine */ = {
			isa = PBXGroup;
			children = (
				0981E2BA21D3539300C2D119 /* Mine.storyboard */,
				0919877D21D4CB3400C7C5A5 /* Verified */,
				0981E2D421D3577600C2D119 /* MineVC.h */,
				0981E2D521D3577600C2D119 /* MineVC.m */,
			);
			path = Mine;
			sourceTree = "<group>";
		};
		0981E2B221D3534700C2D119 /* Home */ = {
			isa = PBXGroup;
			children = (
				0981E2B321D3535100C2D119 /* Home.storyboard */,
				0915525621D60831000FDBFC /* TransactionApplication */,
				091551E921D5D01A000FDBFC /* BillDetails */,
				0919870221D46DE000C7C5A5 /* SingContract */,
				0981E2E421D362F000C2D119 /* Home */,
			);
			path = Home;
			sourceTree = "<group>";
		};
		0981E2B521D3537500C2D119 /* Transaction */ = {
			isa = PBXGroup;
			children = (
				0981E2B621D3537E00C2D119 /* Transaction.storyboard */,
				0981E2CE21D3574400C2D119 /* TransactionVC.h */,
				0981E2CF21D3574400C2D119 /* TransactionVC.m */,
			);
			path = Transaction;
			sourceTree = "<group>";
		};
		0981E2C421D3550700C2D119 /* Login */ = {
			isa = PBXGroup;
			children = (
				0981E2C521D3550700C2D119 /* Login.storyboard */,
				0981E2CB21D3573600C2D119 /* LoginVC.h */,
				0981E2CC21D3573600C2D119 /* LoginVC.m */,
				0919872421D4B08800C7C5A5 /* RegisterVC.h */,
				0919872521D4B08800C7C5A5 /* RegisterVC.m */,
				0919874921D4B3B000C7C5A5 /* ForgetPasswordVC.h */,
				0919874A21D4B3B000C7C5A5 /* ForgetPasswordVC.m */,
			);
			path = Login;
			sourceTree = "<group>";
		};
		0981E2C721D356C300C2D119 /* Base */ = {
			isa = PBXGroup;
			children = (
				0981E2C821D356D900C2D119 /* YQBaseViewController.h */,
				0981E2C921D356D900C2D119 /* YQBaseViewController.m */,
				0981E2DA21D35B6300C2D119 /* YQBaseTableViewController.h */,
				0981E2DB21D35B6300C2D119 /* YQBaseTableViewController.m */,
				0981E2E821D3630B00C2D119 /* YQBaseTableViewCell.h */,
				0981E2E921D3630B00C2D119 /* YQBaseTableViewCell.m */,
				097A4A6C21D3687B00EF8053 /* YQBaseViewModel.h */,
				097A4A6D21D3687B00EF8053 /* YQBaseViewModel.m */,
				091986F521D45CAD00C7C5A5 /* YQBaseView.h */,
				091986F621D45CAD00C7C5A5 /* YQBaseView.m */,
			);
			path = Base;
			sourceTree = "<group>";
		};
		0981E2DD21D361E900C2D119 /* Model */ = {
			isa = PBXGroup;
			children = (
				0981E2DE21D361F700C2D119 /* YQBaseModel.h */,
				0981E2DF21D361F700C2D119 /* YQBaseModel.m */,
				0981E2E121D3620200C2D119 /* AccountModel.h */,
				0981E2E221D3620200C2D119 /* AccountModel.m */,
			);
			path = Model;
			sourceTree = "<group>";
		};
		0981E2E421D362F000C2D119 /* Home */ = {
			isa = PBXGroup;
			children = (
				0981E2E621D362F000C2D119 /* HomeVC.h */,
				0981E2E521D362F000C2D119 /* HomeVC.m */,
				0981E2EB21D3633D00C2D119 /* HomeCell.h */,
				0981E2EC21D3633D00C2D119 /* HomeCell.m */,
				091986FF21D4644100C7C5A5 /* HomeTitleCell.h */,
				0919870021D4644100C7C5A5 /* HomeTitleCell.m */,
			);
			path = Home;
			sourceTree = "<group>";
		};
		401F04A4C0DC0E0E42FC3283 /* Pods */ = {
			isa = PBXGroup;
			children = (
				E68E5F545598F9EB05793E86 /* Pods-YQTest.debug.xcconfig */,
				D64B7D6F202A46E29EC81A7E /* Pods-YQTest.release.xcconfig */,
			);
			name = Pods;
			sourceTree = "<group>";
		};
		8EBA96DB896FA8C7FD9DC6B2 /* Frameworks */ = {
			isa = PBXGroup;
			children = (
				2349CE0F6B23C63FCA943C20 /* libPods-YQTest.a */,
			);
			name = Frameworks;
			sourceTree = "<group>";
		};
/* End PBXGroup section */

/* Begin PBXNativeTarget section */
		0923BB2E21D346B8007A294B /* YQTest */ = {
			isa = PBXNativeTarget;
			buildConfigurationList = 0923BB5B21D346B9007A294B /* Build configuration list for PBXNativeTarget "YQTest" */;
			buildPhases = (
				CACC61B2D14998FC2CCC34ED /* [CP] Check Pods Manifest.lock */,
				0923BB2B21D346B8007A294B /* Sources */,
				0923BB2C21D346B8007A294B /* Frameworks */,
				0923BB2D21D346B8007A294B /* Resources */,
				129BF3927AACDF4EAEE66C97 /* [CP] Copy Pods Resources */,
			);
			buildRules = (
			);
			dependencies = (
			);
			name = YQTest;
			productName = YQTest;
			productReference = 0923BB2F21D346B8007A294B /* YQTest.app */;
			productType = "com.apple.product-type.application";
		};
		0923BB4621D346B9007A294B /* YQTestTests */ = {
			isa = PBXNativeTarget;
			buildConfigurationList = 0923BB5E21D346B9007A294B /* Build configuration list for PBXNativeTarget "YQTestTests" */;
			buildPhases = (
				0923BB4321D346B9007A294B /* Sources */,
				0923BB4421D346B9007A294B /* Frameworks */,
				0923BB4521D346B9007A294B /* Resources */,
			);
			buildRules = (
			);
			dependencies = (
				0923BB4921D346B9007A294B /* PBXTargetDependency */,
			);
			name = YQTestTests;
			productName = YQTestTests;
			productReference = 0923BB4721D346B9007A294B /* YQTestTests.xctest */;
			productType = "com.apple.product-type.bundle.unit-test";
		};
		0923BB5121D346B9007A294B /* YQTestUITests */ = {
			isa = PBXNativeTarget;
			buildConfigurationList = 0923BB6121D346B9007A294B /* Build configuration list for PBXNativeTarget "YQTestUITests" */;
			buildPhases = (
				0923BB4E21D346B9007A294B /* Sources */,
				0923BB4F21D346B9007A294B /* Frameworks */,
				0923BB5021D346B9007A294B /* Resources */,
			);
			buildRules = (
			);
			dependencies = (
				0923BB5421D346B9007A294B /* PBXTargetDependency */,
			);
			name = YQTestUITests;
			productName = YQTestUITests;
			productReference = 0923BB5221D346B9007A294B /* YQTestUITests.xctest */;
			productType = "com.apple.product-type.bundle.ui-testing";
		};
/* End PBXNativeTarget section */

/* Begin PBXProject section */
		0923BB2721D346B8007A294B /* Project object */ = {
			isa = PBXProject;
			attributes = {
				LastUpgradeCheck = 1010;
				ORGANIZATIONNAME = boli;
				TargetAttributes = {
					0923BB2E21D346B8007A294B = {
						CreatedOnToolsVersion = 10.1;
					};
					0923BB4621D346B9007A294B = {
						CreatedOnToolsVersion = 10.1;
						TestTargetID = 0923BB2E21D346B8007A294B;
					};
					0923BB5121D346B9007A294B = {
						CreatedOnToolsVersion = 10.1;
						TestTargetID = 0923BB2E21D346B8007A294B;
					};
				};
			};
			buildConfigurationList = 0923BB2A21D346B8007A294B /* Build configuration list for PBXProject "YQTest" */;
			compatibilityVersion = "Xcode 9.3";
			developmentRegion = en;
			hasScannedForEncodings = 0;
			knownRegions = (
				en,
				Base,
			);
			mainGroup = 0923BB2621D346B8007A294B;
			productRefGroup = 0923BB3021D346B8007A294B /* Products */;
			projectDirPath = "";
			projectRoot = "";
			targets = (
				0923BB2E21D346B8007A294B /* YQTest */,
				0923BB4621D346B9007A294B /* YQTestTests */,
				0923BB5121D346B9007A294B /* YQTestUITests */,
			);
		};
/* End PBXProject section */

/* Begin PBXResourcesBuildPhase section */
		0923BB2D21D346B8007A294B /* Resources */ = {
			isa = PBXResourcesBuildPhase;
			buildActionMask = 2147483647;
			files = (
				0981E2B421D3535100C2D119 /* Home.storyboard in Resources */,
				091551FF21D5D0C2000FDBFC /* MyBillView.xib in Resources */,
				0923BB3F21D346B9007A294B /* LaunchScreen.storyboard in Resources */,
				0923BB3C21D346B9007A294B /* Assets.xcassets in Resources */,
				0915526B21D61324000FDBFC /* TradingInformationView.xib in Resources */,
				0923BB3A21D346B8007A294B /* Main.storyboard in Resources */,
				091551FD21D5D0C2000FDBFC /* HeaderView.xib in Resources */,
				0981E2B721D3537E00C2D119 /* Transaction.storyboard in Resources */,
				0981E2BF21D353AD00C2D119 /* Release.storyboard in Resources */,
				0915520121D5D0C2000FDBFC /* SellerInfomationView.xib in Resources */,
				091551FA21D5D0C2000FDBFC /* TradingStatusView.xib in Resources */,
				0915520721D5D0FA000FDBFC /* BillDetailsView.xib in Resources */,
				0981E2BB21D3539300C2D119 /* Mine.storyboard in Resources */,
				0981E2C621D3550700C2D119 /* Login.storyboard in Resources */,
				0915526221D611BF000FDBFC /* PaymentAccountView.xib in Resources */,
				0981E2C321D354A300C2D119 /* YQTabBar.storyboard in Resources */,
				0915525F21D60ECC000FDBFC /* TradingHeaderView.xib in Resources */,
			);
			runOnlyForDeploymentPostprocessing = 0;
		};
		0923BB4521D346B9007A294B /* Resources */ = {
			isa = PBXResourcesBuildPhase;
			buildActionMask = 2147483647;
			files = (
			);
			runOnlyForDeploymentPostprocessing = 0;
		};
		0923BB5021D346B9007A294B /* Resources */ = {
			isa = PBXResourcesBuildPhase;
			buildActionMask = 2147483647;
			files = (
			);
			runOnlyForDeploymentPostprocessing = 0;
		};
/* End PBXResourcesBuildPhase section */

/* Begin PBXShellScriptBuildPhase section */
		129BF3927AACDF4EAEE66C97 /* [CP] Copy Pods Resources */ = {
			isa = PBXShellScriptBuildPhase;
			buildActionMask = 2147483647;
			files = (
			);
			inputPaths = (
				"${SRCROOT}/Pods/Target Support Files/Pods-YQTest/Pods-YQTest-resources.sh",
				"${PODS_ROOT}/IQKeyboardManager/IQKeyboardManager/Resources/IQKeyboardManager.bundle",
				"${PODS_ROOT}/MJRefresh/MJRefresh/MJRefresh.bundle",
				"${PODS_ROOT}/TZImagePickerController/TZImagePickerController/TZImagePickerController/TZImagePickerController.bundle",
			);
			name = "[CP] Copy Pods Resources";
			outputPaths = (
				"${TARGET_BUILD_DIR}/${UNLOCALIZED_RESOURCES_FOLDER_PATH}/IQKeyboardManager.bundle",
				"${TARGET_BUILD_DIR}/${UNLOCALIZED_RESOURCES_FOLDER_PATH}/MJRefresh.bundle",
				"${TARGET_BUILD_DIR}/${UNLOCALIZED_RESOURCES_FOLDER_PATH}/TZImagePickerController.bundle",
			);
			runOnlyForDeploymentPostprocessing = 0;
			shellPath = /bin/sh;
			shellScript = "\"${SRCROOT}/Pods/Target Support Files/Pods-YQTest/Pods-YQTest-resources.sh\"\n";
			showEnvVarsInLog = 0;
		};
		CACC61B2D14998FC2CCC34ED /* [CP] Check Pods Manifest.lock */ = {
			isa = PBXShellScriptBuildPhase;
			buildActionMask = 2147483647;
			files = (
			);
			inputPaths = (
				"${PODS_PODFILE_DIR_PATH}/Podfile.lock",
				"${PODS_ROOT}/Manifest.lock",
			);
			name = "[CP] Check Pods Manifest.lock";
			outputPaths = (
				"$(DERIVED_FILE_DIR)/Pods-YQTest-checkManifestLockResult.txt",
			);
			runOnlyForDeploymentPostprocessing = 0;
			shellPath = /bin/sh;
			shellScript = "diff \"${PODS_PODFILE_DIR_PATH}/Podfile.lock\" \"${PODS_ROOT}/Manifest.lock\" > /dev/null\nif [ $? != 0 ] ; then\n    # print error to STDERR\n    echo \"error: The sandbox is not in sync with the Podfile.lock. Run 'pod install' or update your CocoaPods installation.\" >&2\n    exit 1\nfi\n# This output is used by Xcode 'outputs' to avoid re-running this script phase.\necho \"SUCCESS\" > \"${SCRIPT_OUTPUT_FILE_0}\"\n";
			showEnvVarsInLog = 0;
		};
/* End PBXShellScriptBuildPhase section */

/* Begin PBXSourcesBuildPhase section */
		0923BB2B21D346B8007A294B /* Sources */ = {
			isa = PBXSourcesBuildPhase;
			buildActionMask = 2147483647;
			files = (
				0915524F21D5F46B000FDBFC /* BillDetailVC.m in Sources */,
				0915523E21D5D6EA000FDBFC /* UITextField+Help.m in Sources */,
				0981E2AC21D3508000C2D119 /* YQTabBarController.m in Sources */,
				0923BB3721D346B8007A294B /* ViewController.m in Sources */,
				0915521D21D5D507000FDBFC /* HTTPManager.m in Sources */,
				0915523F21D5D6EA000FDBFC /* NSArray+Help.m in Sources */,
				0981E2CD21D3573600C2D119 /* LoginVC.m in Sources */,
				0981E2D621D3577600C2D119 /* MineVC.m in Sources */,
				091551E421D5C077000FDBFC /* SHImagePicker.m in Sources */,
				0915524821D5D6EA000FDBFC /* PooCodeView.m in Sources */,
				091551E821D5C2E1000FDBFC /* SHAlertController.m in Sources */,
				0981E2E721D362F100C2D119 /* HomeVC.m in Sources */,
				0919870121D4644100C7C5A5 /* HomeTitleCell.m in Sources */,
				0915524521D5D6EA000FDBFC /* NSString+Help.m in Sources */,
				0981E2ED21D3633D00C2D119 /* HomeCell.m in Sources */,
				091986F721D45CAD00C7C5A5 /* YQBaseView.m in Sources */,
				0919871A21D48C6500C7C5A5 /* SingContractCell.m in Sources */,
				0915523D21D5D6EA000FDBFC /* UIImage+Help.m in Sources */,
				0923BB4221D346B9007A294B /* main.m in Sources */,
				0915524721D5D6EA000FDBFC /* HUDOperationManager.m in Sources */,
				091551E021D5B97E000FDBFC /* VerifiedUploadCell.m in Sources */,
				0981E2DC21D35B6300C2D119 /* YQBaseTableViewController.m in Sources */,
				0915521E21D5D507000FDBFC /* YQBaseRequest.m in Sources */,
				0919870521D46E0100C7C5A5 /* SingContractVC.m in Sources */,
				091551FB21D5D0C2000FDBFC /* TradingStatusView.m in Sources */,
				0915524221D5D6EA000FDBFC /* UIView+Help.m in Sources */,
				0919878321D4CCD100C7C5A5 /* VerifiedCell.m in Sources */,
				0981E2CA21D356D900C2D119 /* YQBaseViewController.m in Sources */,
				0915524121D5D6EA000FDBFC /* UIViewController+Help.m in Sources */,
				0915525221D5F499000FDBFC /* BillDetailCell.m in Sources */,
				0981E2D921D3578200C2D119 /* ReleaseVC.m in Sources */,
				0919872621D4B08800C7C5A5 /* RegisterVC.m in Sources */,
				0919871721D48A4A00C7C5A5 /* SellerInfomationCell.m in Sources */,
				0915524321D5D6EA000FDBFC /* UIImage+GenerateQRCode.m in Sources */,
				0915520021D5D0C2000FDBFC /* SellerInfomationView.m in Sources */,
				0915524421D5D6EA000FDBFC /* UINavigationController+help.m in Sources */,
				0915524021D5D6EA000FDBFC /* UIPickerView+Help.m in Sources */,
				0915524621D5D6EA000FDBFC /* HUD.m in Sources */,
				0981E2D021D3574400C2D119 /* TransactionVC.m in Sources */,
				0919878021D4CB5100C7C5A5 /* VerifiedVC.m in Sources */,
				0915526521D611CA000FDBFC /* PaymentAccountView.m in Sources */,
				0915521C21D5D507000FDBFC /* HTTPResponse.m in Sources */,
				0915525521D5F4B3000FDBFC /* BillPhotoCell.m in Sources */,
				0919874B21D4B3B000C7C5A5 /* ForgetPasswordVC.m in Sources */,
				0915525D21D60EBD000FDBFC /* TradingHeaderView.m in Sources */,
				0981E2EA21D3630B00C2D119 /* YQBaseTableViewCell.m in Sources */,
				0981E2E321D3620200C2D119 /* AccountModel.m in Sources */,
				0915526921D6131D000FDBFC /* TradingInformationView.m in Sources */,
				0981E2E021D361F700C2D119 /* YQBaseModel.m in Sources */,
				0915524C21D5D740000FDBFC /* SHOperation.m in Sources */,
				0919870D21D477CD00C7C5A5 /* MyBillCell.m in Sources */,
				091551FE21D5D0C2000FDBFC /* MyBillView.m in Sources */,
				091551FC21D5D0C2000FDBFC /* HeaderView.m in Sources */,
				0915520521D5D0F1000FDBFC /* BillDetailsView.m in Sources */,
				0915525921D60841000FDBFC /* TransactionApplicationVC.m in Sources */,
				0923BB3421D346B8007A294B /* AppDelegate.m in Sources */,
				0915523C21D5D6EA000FDBFC /* UIColor+Help.m in Sources */,
				097A4A6E21D3687B00EF8053 /* YQBaseViewModel.m in Sources */,
			);
			runOnlyForDeploymentPostprocessing = 0;
		};
		0923BB4321D346B9007A294B /* Sources */ = {
			isa = PBXSourcesBuildPhase;
			buildActionMask = 2147483647;
			files = (
				0923BB4C21D346B9007A294B /* YQTestTests.m in Sources */,
			);
			runOnlyForDeploymentPostprocessing = 0;
		};
		0923BB4E21D346B9007A294B /* Sources */ = {
			isa = PBXSourcesBuildPhase;
			buildActionMask = 2147483647;
			files = (
				0923BB5721D346B9007A294B /* YQTestUITests.m in Sources */,
			);
			runOnlyForDeploymentPostprocessing = 0;
		};
/* End PBXSourcesBuildPhase section */

/* Begin PBXTargetDependency section */
		0923BB4921D346B9007A294B /* PBXTargetDependency */ = {
			isa = PBXTargetDependency;
			target = 0923BB2E21D346B8007A294B /* YQTest */;
			targetProxy = 0923BB4821D346B9007A294B /* PBXContainerItemProxy */;
		};
		0923BB5421D346B9007A294B /* PBXTargetDependency */ = {
			isa = PBXTargetDependency;
			target = 0923BB2E21D346B8007A294B /* YQTest */;
			targetProxy = 0923BB5321D346B9007A294B /* PBXContainerItemProxy */;
		};
/* End PBXTargetDependency section */

/* Begin PBXVariantGroup section */
		0923BB3821D346B8007A294B /* Main.storyboard */ = {
			isa = PBXVariantGroup;
			children = (
				0923BB3921D346B8007A294B /* Base */,
			);
			name = Main.storyboard;
			sourceTree = "<group>";
		};
		0923BB3D21D346B9007A294B /* LaunchScreen.storyboard */ = {
			isa = PBXVariantGroup;
			children = (
				0923BB3E21D346B9007A294B /* Base */,
			);
			name = LaunchScreen.storyboard;
			sourceTree = "<group>";
		};
/* End PBXVariantGroup section */

/* Begin XCBuildConfiguration section */
		0923BB5921D346B9007A294B /* Debug */ = {
			isa = XCBuildConfiguration;
			buildSettings = {
				ALWAYS_SEARCH_USER_PATHS = NO;
				CLANG_ANALYZER_NONNULL = YES;
				CLANG_ANALYZER_NUMBER_OBJECT_CONVERSION = YES_AGGRESSIVE;
				CLANG_CXX_LANGUAGE_STANDARD = "gnu++14";
				CLANG_CXX_LIBRARY = "libc++";
				CLANG_ENABLE_MODULES = YES;
				CLANG_ENABLE_OBJC_ARC = YES;
				CLANG_ENABLE_OBJC_WEAK = YES;
				CLANG_WARN_BLOCK_CAPTURE_AUTORELEASING = YES;
				CLANG_WARN_BOOL_CONVERSION = YES;
				CLANG_WARN_COMMA = YES;
				CLANG_WARN_CONSTANT_CONVERSION = YES;
				CLANG_WARN_DEPRECATED_OBJC_IMPLEMENTATIONS = YES;
				CLANG_WARN_DIRECT_OBJC_ISA_USAGE = YES_ERROR;
				CLANG_WARN_DOCUMENTATION_COMMENTS = YES;
				CLANG_WARN_EMPTY_BODY = YES;
				CLANG_WARN_ENUM_CONVERSION = YES;
				CLANG_WARN_INFINITE_RECURSION = YES;
				CLANG_WARN_INT_CONVERSION = YES;
				CLANG_WARN_NON_LITERAL_NULL_CONVERSION = YES;
				CLANG_WARN_OBJC_IMPLICIT_RETAIN_SELF = YES;
				CLANG_WARN_OBJC_LITERAL_CONVERSION = YES;
				CLANG_WARN_OBJC_ROOT_CLASS = YES_ERROR;
				CLANG_WARN_RANGE_LOOP_ANALYSIS = YES;
				CLANG_WARN_STRICT_PROTOTYPES = YES;
				CLANG_WARN_SUSPICIOUS_MOVE = YES;
				CLANG_WARN_UNGUARDED_AVAILABILITY = YES_AGGRESSIVE;
				CLANG_WARN_UNREACHABLE_CODE = YES;
				CLANG_WARN__DUPLICATE_METHOD_MATCH = YES;
				CODE_SIGN_IDENTITY = "iPhone Developer";
				COPY_PHASE_STRIP = NO;
				DEBUG_INFORMATION_FORMAT = dwarf;
				ENABLE_STRICT_OBJC_MSGSEND = YES;
				ENABLE_TESTABILITY = YES;
				GCC_C_LANGUAGE_STANDARD = gnu11;
				GCC_DYNAMIC_NO_PIC = NO;
				GCC_NO_COMMON_BLOCKS = YES;
				GCC_OPTIMIZATION_LEVEL = 0;
				GCC_PREPROCESSOR_DEFINITIONS = (
					"DEBUG=1",
					"$(inherited)",
				);
				GCC_WARN_64_TO_32_BIT_CONVERSION = YES;
				GCC_WARN_ABOUT_RETURN_TYPE = YES_ERROR;
				GCC_WARN_UNDECLARED_SELECTOR = YES;
				GCC_WARN_UNINITIALIZED_AUTOS = YES_AGGRESSIVE;
				GCC_WARN_UNUSED_FUNCTION = YES;
				GCC_WARN_UNUSED_VARIABLE = YES;
				IPHONEOS_DEPLOYMENT_TARGET = 12.1;
				MTL_ENABLE_DEBUG_INFO = INCLUDE_SOURCE;
				MTL_FAST_MATH = YES;
				ONLY_ACTIVE_ARCH = YES;
				SDKROOT = iphoneos;
			};
			name = Debug;
		};
		0923BB5A21D346B9007A294B /* Release */ = {
			isa = XCBuildConfiguration;
			buildSettings = {
				ALWAYS_SEARCH_USER_PATHS = NO;
				CLANG_ANALYZER_NONNULL = YES;
				CLANG_ANALYZER_NUMBER_OBJECT_CONVERSION = YES_AGGRESSIVE;
				CLANG_CXX_LANGUAGE_STANDARD = "gnu++14";
				CLANG_CXX_LIBRARY = "libc++";
				CLANG_ENABLE_MODULES = YES;
				CLANG_ENABLE_OBJC_ARC = YES;
				CLANG_ENABLE_OBJC_WEAK = YES;
				CLANG_WARN_BLOCK_CAPTURE_AUTORELEASING = YES;
				CLANG_WARN_BOOL_CONVERSION = YES;
				CLANG_WARN_COMMA = YES;
				CLANG_WARN_CONSTANT_CONVERSION = YES;
				CLANG_WARN_DEPRECATED_OBJC_IMPLEMENTATIONS = YES;
				CLANG_WARN_DIRECT_OBJC_ISA_USAGE = YES_ERROR;
				CLANG_WARN_DOCUMENTATION_COMMENTS = YES;
				CLANG_WARN_EMPTY_BODY = YES;
				CLANG_WARN_ENUM_CONVERSION = YES;
				CLANG_WARN_INFINITE_RECURSION = YES;
				CLANG_WARN_INT_CONVERSION = YES;
				CLANG_WARN_NON_LITERAL_NULL_CONVERSION = YES;
				CLANG_WARN_OBJC_IMPLICIT_RETAIN_SELF = YES;
				CLANG_WARN_OBJC_LITERAL_CONVERSION = YES;
				CLANG_WARN_OBJC_ROOT_CLASS = YES_ERROR;
				CLANG_WARN_RANGE_LOOP_ANALYSIS = YES;
				CLANG_WARN_STRICT_PROTOTYPES = YES;
				CLANG_WARN_SUSPICIOUS_MOVE = YES;
				CLANG_WARN_UNGUARDED_AVAILABILITY = YES_AGGRESSIVE;
				CLANG_WARN_UNREACHABLE_CODE = YES;
				CLANG_WARN__DUPLICATE_METHOD_MATCH = YES;
				CODE_SIGN_IDENTITY = "iPhone Developer";
				COPY_PHASE_STRIP = NO;
				DEBUG_INFORMATION_FORMAT = "dwarf-with-dsym";
				ENABLE_NS_ASSERTIONS = NO;
				ENABLE_STRICT_OBJC_MSGSEND = YES;
				GCC_C_LANGUAGE_STANDARD = gnu11;
				GCC_NO_COMMON_BLOCKS = YES;
				GCC_WARN_64_TO_32_BIT_CONVERSION = YES;
				GCC_WARN_ABOUT_RETURN_TYPE = YES_ERROR;
				GCC_WARN_UNDECLARED_SELECTOR = YES;
				GCC_WARN_UNINITIALIZED_AUTOS = YES_AGGRESSIVE;
				GCC_WARN_UNUSED_FUNCTION = YES;
				GCC_WARN_UNUSED_VARIABLE = YES;
				IPHONEOS_DEPLOYMENT_TARGET = 12.1;
				MTL_ENABLE_DEBUG_INFO = NO;
				MTL_FAST_MATH = YES;
				SDKROOT = iphoneos;
				VALIDATE_PRODUCT = YES;
			};
			name = Release;
		};
		0923BB5C21D346B9007A294B /* Debug */ = {
			isa = XCBuildConfiguration;
			baseConfigurationReference = E68E5F545598F9EB05793E86 /* Pods-YQTest.debug.xcconfig */;
			buildSettings = {
				ASSETCATALOG_COMPILER_APPICON_NAME = AppIcon;
				CODE_SIGN_STYLE = Manual;
				DEVELOPMENT_TEAM = 3RATYM3DWB;
				INFOPLIST_FILE = YQTest/Info.plist;
				LD_RUNPATH_SEARCH_PATHS = (
					"$(inherited)",
					"@executable_path/Frameworks",
				);
				PRODUCT_BUNDLE_IDENTIFIER = com.AccountsReceivable;
				PRODUCT_NAME = "$(TARGET_NAME)";
				PROVISIONING_PROFILE_SPECIFIER = develop.account;
				TARGETED_DEVICE_FAMILY = "1,2";
			};
			name = Debug;
		};
		0923BB5D21D346B9007A294B /* Release */ = {
			isa = XCBuildConfiguration;
			baseConfigurationReference = D64B7D6F202A46E29EC81A7E /* Pods-YQTest.release.xcconfig */;
			buildSettings = {
				ASSETCATALOG_COMPILER_APPICON_NAME = AppIcon;
				CODE_SIGN_STYLE = Manual;
				DEVELOPMENT_TEAM = "";
				INFOPLIST_FILE = YQTest/Info.plist;
				LD_RUNPATH_SEARCH_PATHS = (
					"$(inherited)",
					"@executable_path/Frameworks",
				);
				PRODUCT_BUNDLE_IDENTIFIER = com.AccountsReceivable;
				PRODUCT_NAME = "$(TARGET_NAME)";
				PROVISIONING_PROFILE_SPECIFIER = "";
				TARGETED_DEVICE_FAMILY = "1,2";
			};
			name = Release;
		};
		0923BB5F21D346B9007A294B /* Debug */ = {
			isa = XCBuildConfiguration;
			buildSettings = {
				BUNDLE_LOADER = "$(TEST_HOST)";
				CODE_SIGN_STYLE = Automatic;
				INFOPLIST_FILE = YQTestTests/Info.plist;
				LD_RUNPATH_SEARCH_PATHS = (
					"$(inherited)",
					"@executable_path/Frameworks",
					"@loader_path/Frameworks",
				);
				PRODUCT_BUNDLE_IDENTIFIER = com.libo.YQTestTests;
				PRODUCT_NAME = "$(TARGET_NAME)";
				TARGETED_DEVICE_FAMILY = "1,2";
				TEST_HOST = "$(BUILT_PRODUCTS_DIR)/YQTest.app/YQTest";
			};
			name = Debug;
		};
		0923BB6021D346B9007A294B /* Release */ = {
			isa = XCBuildConfiguration;
			buildSettings = {
				BUNDLE_LOADER = "$(TEST_HOST)";
				CODE_SIGN_STYLE = Automatic;
				INFOPLIST_FILE = YQTestTests/Info.plist;
				LD_RUNPATH_SEARCH_PATHS = (
					"$(inherited)",
					"@executable_path/Frameworks",
					"@loader_path/Frameworks",
				);
				PRODUCT_BUNDLE_IDENTIFIER = com.libo.YQTestTests;
				PRODUCT_NAME = "$(TARGET_NAME)";
				TARGETED_DEVICE_FAMILY = "1,2";
				TEST_HOST = "$(BUILT_PRODUCTS_DIR)/YQTest.app/YQTest";
			};
			name = Release;
		};
		0923BB6221D346B9007A294B /* Debug */ = {
			isa = XCBuildConfiguration;
			buildSettings = {
				CODE_SIGN_STYLE = Automatic;
				INFOPLIST_FILE = YQTestUITests/Info.plist;
				LD_RUNPATH_SEARCH_PATHS = (
					"$(inherited)",
					"@executable_path/Frameworks",
					"@loader_path/Frameworks",
				);
				PRODUCT_BUNDLE_IDENTIFIER = com.libo.YQTestUITests;
				PRODUCT_NAME = "$(TARGET_NAME)";
				TARGETED_DEVICE_FAMILY = "1,2";
				TEST_TARGET_NAME = YQTest;
			};
			name = Debug;
		};
		0923BB6321D346B9007A294B /* Release */ = {
			isa = XCBuildConfiguration;
			buildSettings = {
				CODE_SIGN_STYLE = Automatic;
				INFOPLIST_FILE = YQTestUITests/Info.plist;
				LD_RUNPATH_SEARCH_PATHS = (
					"$(inherited)",
					"@executable_path/Frameworks",
					"@loader_path/Frameworks",
				);
				PRODUCT_BUNDLE_IDENTIFIER = com.libo.YQTestUITests;
				PRODUCT_NAME = "$(TARGET_NAME)";
				TARGETED_DEVICE_FAMILY = "1,2";
				TEST_TARGET_NAME = YQTest;
			};
			name = Release;
		};
/* End XCBuildConfiguration section */

/* Begin XCConfigurationList section */
		0923BB2A21D346B8007A294B /* Build configuration list for PBXProject "YQTest" */ = {
			isa = XCConfigurationList;
			buildConfigurations = (
				0923BB5921D346B9007A294B /* Debug */,
				0923BB5A21D346B9007A294B /* Release */,
			);
			defaultConfigurationIsVisible = 0;
			defaultConfigurationName = Release;
		};
		0923BB5B21D346B9007A294B /* Build configuration list for PBXNativeTarget "YQTest" */ = {
			isa = XCConfigurationList;
			buildConfigurations = (
				0923BB5C21D346B9007A294B /* Debug */,
				0923BB5D21D346B9007A294B /* Release */,
			);
			defaultConfigurationIsVisible = 0;
			defaultConfigurationName = Release;
		};
		0923BB5E21D346B9007A294B /* Build configuration list for PBXNativeTarget "YQTestTests" */ = {
			isa = XCConfigurationList;
			buildConfigurations = (
				0923BB5F21D346B9007A294B /* Debug */,
				0923BB6021D346B9007A294B /* Release */,
			);
			defaultConfigurationIsVisible = 0;
			defaultConfigurationName = Release;
		};
		0923BB6121D346B9007A294B /* Build configuration list for PBXNativeTarget "YQTestUITests" */ = {
			isa = XCConfigurationList;
			buildConfigurations = (
				0923BB6221D346B9007A294B /* Debug */,
				0923BB6321D346B9007A294B /* Release */,
			);
			defaultConfigurationIsVisible = 0;
			defaultConfigurationName = Release;
		};
/* End XCConfigurationList section */
	};
	rootObject = 0923BB2721D346B8007A294B /* Project object */;
}
